// !$*UTF8*$!
{
	archiveVersion = 1;
	classes = {
	};
	objectVersion = 56;
	objects = {

/* Begin PBXBuildFile section */
		83C70B6029117D25002C1ACF /* PokemonModule.framework in Frameworks */ = {isa = PBXBuildFile; fileRef = 83C70B5729117D25002C1ACF /* PokemonModule.framework */; };
		83C70B6629117D25002C1ACF /* PokemonModule.h in Headers */ = {isa = PBXBuildFile; fileRef = 83C70B5A29117D25002C1ACF /* PokemonModule.h */; settings = {ATTRIBUTES = (Public, ); }; };
		83D866E22911822700F07C4E /* URLSessionHTTPClient.swift in Sources */ = {isa = PBXBuildFile; fileRef = 83D866E12911822700F07C4E /* URLSessionHTTPClient.swift */; };
		83D866E42911823E00F07C4E /* HTTPClient.swift in Sources */ = {isa = PBXBuildFile; fileRef = 83D866E32911823E00F07C4E /* HTTPClient.swift */; };
		83D866EA2911826A00F07C4E /* ResourceErrorViewModel.swift in Sources */ = {isa = PBXBuildFile; fileRef = 83D866E52911826900F07C4E /* ResourceErrorViewModel.swift */; };
		83D866EB2911826A00F07C4E /* ResourceErrorView.swift in Sources */ = {isa = PBXBuildFile; fileRef = 83D866E62911826900F07C4E /* ResourceErrorView.swift */; };
		83D866EC2911826A00F07C4E /* LoadResourcePresenter.swift in Sources */ = {isa = PBXBuildFile; fileRef = 83D866E72911826900F07C4E /* LoadResourcePresenter.swift */; };
		83D866ED2911826A00F07C4E /* ResourceLoadingView.swift in Sources */ = {isa = PBXBuildFile; fileRef = 83D866E82911826A00F07C4E /* ResourceLoadingView.swift */; };
		83D866EE2911826A00F07C4E /* ResourceLoadingViewModel.swift in Sources */ = {isa = PBXBuildFile; fileRef = 83D866E92911826A00F07C4E /* ResourceLoadingViewModel.swift */; };
		83D866F1291182A300F07C4E /* Shared.strings in Resources */ = {isa = PBXBuildFile; fileRef = 83D866F3291182A300F07C4E /* Shared.strings */; };
		83D866F9291182EE00F07C4E /* SharedTestHelpers.swift in Sources */ = {isa = PBXBuildFile; fileRef = 83D866F6291182EE00F07C4E /* SharedTestHelpers.swift */; };
		83D866FA291182EE00F07C4E /* SharedLocalizationTestHelpers.swift in Sources */ = {isa = PBXBuildFile; fileRef = 83D866F7291182EE00F07C4E /* SharedLocalizationTestHelpers.swift */; };
		83D866FB291182EE00F07C4E /* XCTestCase+MemoryLeakTracking.swift in Sources */ = {isa = PBXBuildFile; fileRef = 83D866F8291182EE00F07C4E /* XCTestCase+MemoryLeakTracking.swift */; };
		83D867052911830000F07C4E /* SharedLocalizationTests.swift in Sources */ = {isa = PBXBuildFile; fileRef = 83D866FE2911830000F07C4E /* SharedLocalizationTests.swift */; };
		83D867062911830000F07C4E /* LoadResourcePresenterTest.swift in Sources */ = {isa = PBXBuildFile; fileRef = 83D866FF2911830000F07C4E /* LoadResourcePresenterTest.swift */; };
		83D867072911830000F07C4E /* URLProtocolStub.swift in Sources */ = {isa = PBXBuildFile; fileRef = 83D867032911830000F07C4E /* URLProtocolStub.swift */; };
		83D867082911830000F07C4E /* URLSessionHTTPClientTests.swift in Sources */ = {isa = PBXBuildFile; fileRef = 83D867042911830000F07C4E /* URLSessionHTTPClientTests.swift */; };
		83D8670D2911848B00F07C4E /* HTTPURLResponse+StatusCode.swift in Sources */ = {isa = PBXBuildFile; fileRef = 83D8670C2911848B00F07C4E /* HTTPURLResponse+StatusCode.swift */; };
		83D8670F291184A000F07C4E /* PokemonImageDataMapper.swift in Sources */ = {isa = PBXBuildFile; fileRef = 83D8670E291184A000F07C4E /* PokemonImageDataMapper.swift */; };
		83D86711291184C600F07C4E /* PokemonEndpoint.swift in Sources */ = {isa = PBXBuildFile; fileRef = 83D86710291184C600F07C4E /* PokemonEndpoint.swift */; };
		83D867132911870C00F07C4E /* PokemonItemsMapper.swift in Sources */ = {isa = PBXBuildFile; fileRef = 83D867122911870C00F07C4E /* PokemonItemsMapper.swift */; };
		83D867152911878200F07C4E /* PokemonItem.swift in Sources */ = {isa = PBXBuildFile; fileRef = 83D867142911878200F07C4E /* PokemonItem.swift */; };
		83D867172911963800F07C4E /* PokemonPresenter.swift in Sources */ = {isa = PBXBuildFile; fileRef = 83D867162911963800F07C4E /* PokemonPresenter.swift */; };
		83D8671B291196BB00F07C4E /* PokemonViewModel.swift in Sources */ = {isa = PBXBuildFile; fileRef = 83D8671A291196BB00F07C4E /* PokemonViewModel.swift */; };
		83D8671F2911A26700F07C4E /* PokemonImageDataLoader.swift in Sources */ = {isa = PBXBuildFile; fileRef = 83D8671E2911A26700F07C4E /* PokemonImageDataLoader.swift */; };
/* End PBXBuildFile section */

/* Begin PBXContainerItemProxy section */
		83C70B6129117D25002C1ACF /* PBXContainerItemProxy */ = {
			isa = PBXContainerItemProxy;
			containerPortal = 83C70B4E29117D25002C1ACF /* Project object */;
			proxyType = 1;
			remoteGlobalIDString = 83C70B5629117D25002C1ACF;
			remoteInfo = PokemonModule;
		};
/* End PBXContainerItemProxy section */

/* Begin PBXFileReference section */
		83C70B5729117D25002C1ACF /* PokemonModule.framework */ = {isa = PBXFileReference; explicitFileType = wrapper.framework; includeInIndex = 0; path = PokemonModule.framework; sourceTree = BUILT_PRODUCTS_DIR; };
		83C70B5A29117D25002C1ACF /* PokemonModule.h */ = {isa = PBXFileReference; lastKnownFileType = sourcecode.c.h; path = PokemonModule.h; sourceTree = "<group>"; };
		83C70B5F29117D25002C1ACF /* PokemonModuleTests.xctest */ = {isa = PBXFileReference; explicitFileType = wrapper.cfbundle; includeInIndex = 0; path = PokemonModuleTests.xctest; sourceTree = BUILT_PRODUCTS_DIR; };
		83D866E12911822700F07C4E /* URLSessionHTTPClient.swift */ = {isa = PBXFileReference; lastKnownFileType = sourcecode.swift; path = URLSessionHTTPClient.swift; sourceTree = "<group>"; };
		83D866E32911823E00F07C4E /* HTTPClient.swift */ = {isa = PBXFileReference; lastKnownFileType = sourcecode.swift; path = HTTPClient.swift; sourceTree = "<group>"; };
		83D866E52911826900F07C4E /* ResourceErrorViewModel.swift */ = {isa = PBXFileReference; fileEncoding = 4; lastKnownFileType = sourcecode.swift; path = ResourceErrorViewModel.swift; sourceTree = "<group>"; };
		83D866E62911826900F07C4E /* ResourceErrorView.swift */ = {isa = PBXFileReference; fileEncoding = 4; lastKnownFileType = sourcecode.swift; path = ResourceErrorView.swift; sourceTree = "<group>"; };
		83D866E72911826900F07C4E /* LoadResourcePresenter.swift */ = {isa = PBXFileReference; fileEncoding = 4; lastKnownFileType = sourcecode.swift; path = LoadResourcePresenter.swift; sourceTree = "<group>"; };
		83D866E82911826A00F07C4E /* ResourceLoadingView.swift */ = {isa = PBXFileReference; fileEncoding = 4; lastKnownFileType = sourcecode.swift; path = ResourceLoadingView.swift; sourceTree = "<group>"; };
		83D866E92911826A00F07C4E /* ResourceLoadingViewModel.swift */ = {isa = PBXFileReference; fileEncoding = 4; lastKnownFileType = sourcecode.swift; path = ResourceLoadingViewModel.swift; sourceTree = "<group>"; };
		83D866F2291182A300F07C4E /* en */ = {isa = PBXFileReference; lastKnownFileType = text.plist.strings; name = en; path = en.lproj/Shared.strings; sourceTree = "<group>"; };
		83D866F4291182B200F07C4E /* id */ = {isa = PBXFileReference; lastKnownFileType = text.plist.strings; name = id; path = id.lproj/Shared.strings; sourceTree = "<group>"; };
		83D866F6291182EE00F07C4E /* SharedTestHelpers.swift */ = {isa = PBXFileReference; fileEncoding = 4; lastKnownFileType = sourcecode.swift; path = SharedTestHelpers.swift; sourceTree = "<group>"; };
		83D866F7291182EE00F07C4E /* SharedLocalizationTestHelpers.swift */ = {isa = PBXFileReference; fileEncoding = 4; lastKnownFileType = sourcecode.swift; path = SharedLocalizationTestHelpers.swift; sourceTree = "<group>"; };
		83D866F8291182EE00F07C4E /* XCTestCase+MemoryLeakTracking.swift */ = {isa = PBXFileReference; fileEncoding = 4; lastKnownFileType = sourcecode.swift; path = "XCTestCase+MemoryLeakTracking.swift"; sourceTree = "<group>"; };
		83D866FE2911830000F07C4E /* SharedLocalizationTests.swift */ = {isa = PBXFileReference; fileEncoding = 4; lastKnownFileType = sourcecode.swift; path = SharedLocalizationTests.swift; sourceTree = "<group>"; };
		83D866FF2911830000F07C4E /* LoadResourcePresenterTest.swift */ = {isa = PBXFileReference; fileEncoding = 4; lastKnownFileType = sourcecode.swift; path = LoadResourcePresenterTest.swift; sourceTree = "<group>"; };
		83D867032911830000F07C4E /* URLProtocolStub.swift */ = {isa = PBXFileReference; fileEncoding = 4; lastKnownFileType = sourcecode.swift; path = URLProtocolStub.swift; sourceTree = "<group>"; };
		83D867042911830000F07C4E /* URLSessionHTTPClientTests.swift */ = {isa = PBXFileReference; fileEncoding = 4; lastKnownFileType = sourcecode.swift; path = URLSessionHTTPClientTests.swift; sourceTree = "<group>"; };
		83D8670C2911848B00F07C4E /* HTTPURLResponse+StatusCode.swift */ = {isa = PBXFileReference; fileEncoding = 4; lastKnownFileType = sourcecode.swift; path = "HTTPURLResponse+StatusCode.swift"; sourceTree = "<group>"; };
		83D8670E291184A000F07C4E /* PokemonImageDataMapper.swift */ = {isa = PBXFileReference; fileEncoding = 4; lastKnownFileType = sourcecode.swift; path = PokemonImageDataMapper.swift; sourceTree = "<group>"; };
		83D86710291184C600F07C4E /* PokemonEndpoint.swift */ = {isa = PBXFileReference; lastKnownFileType = sourcecode.swift; path = PokemonEndpoint.swift; sourceTree = "<group>"; };
		83D867122911870C00F07C4E /* PokemonItemsMapper.swift */ = {isa = PBXFileReference; lastKnownFileType = sourcecode.swift; path = PokemonItemsMapper.swift; sourceTree = "<group>"; };
		83D867142911878200F07C4E /* PokemonItem.swift */ = {isa = PBXFileReference; lastKnownFileType = sourcecode.swift; path = PokemonItem.swift; sourceTree = "<group>"; };
		83D867162911963800F07C4E /* PokemonPresenter.swift */ = {isa = PBXFileReference; lastKnownFileType = sourcecode.swift; path = PokemonPresenter.swift; sourceTree = "<group>"; };
		83D8671A291196BB00F07C4E /* PokemonViewModel.swift */ = {isa = PBXFileReference; lastKnownFileType = sourcecode.swift; path = PokemonViewModel.swift; sourceTree = "<group>"; };
		83D8671E2911A26700F07C4E /* PokemonImageDataLoader.swift */ = {isa = PBXFileReference; lastKnownFileType = sourcecode.swift; path = PokemonImageDataLoader.swift; sourceTree = "<group>"; };
/* End PBXFileReference section */

/* Begin PBXFrameworksBuildPhase section */
		83C70B5429117D25002C1ACF /* Frameworks */ = {
			isa = PBXFrameworksBuildPhase;
			buildActionMask = 2147483647;
			files = (
			);
			runOnlyForDeploymentPostprocessing = 0;
		};
		83C70B5C29117D25002C1ACF /* Frameworks */ = {
			isa = PBXFrameworksBuildPhase;
			buildActionMask = 2147483647;
			files = (
				83C70B6029117D25002C1ACF /* PokemonModule.framework in Frameworks */,
			);
			runOnlyForDeploymentPostprocessing = 0;
		};
/* End PBXFrameworksBuildPhase section */

/* Begin PBXGroup section */
		83C70B4D29117D25002C1ACF = {
			isa = PBXGroup;
			children = (
				83C70B5929117D25002C1ACF /* PokemonModule */,
				83C70B6329117D25002C1ACF /* PokemonModuleTests */,
				83C70B5829117D25002C1ACF /* Products */,
			);
			sourceTree = "<group>";
		};
		83C70B5829117D25002C1ACF /* Products */ = {
			isa = PBXGroup;
			children = (
				83C70B5729117D25002C1ACF /* PokemonModule.framework */,
				83C70B5F29117D25002C1ACF /* PokemonModuleTests.xctest */,
			);
			name = Products;
			sourceTree = "<group>";
		};
		83C70B5929117D25002C1ACF /* PokemonModule */ = {
			isa = PBXGroup;
			children = (
				83D866DB2911814B00F07C4E /* Shared */,
				83D866DC2911815A00F07C4E /* Pokemon */,
				83D866DD2911819D00F07C4E /* PokemonDetail */,
				83C70B5A29117D25002C1ACF /* PokemonModule.h */,
			);
			path = PokemonModule;
			sourceTree = "<group>";
		};
		83C70B6329117D25002C1ACF /* PokemonModuleTests */ = {
			isa = PBXGroup;
			children = (
				83D866FC2911830000F07C4E /* Shared */,
				83D866F5291182EE00F07C4E /* Helpers */,
			);
			path = PokemonModuleTests;
			sourceTree = "<group>";
		};
		83D866DB2911814B00F07C4E /* Shared */ = {
			isa = PBXGroup;
			children = (
				83D866DE291181BF00F07C4E /* Shared API Infra */,
				83D866DF291181CC00F07C4E /* Shared API */,
				83D866E0291181E400F07C4E /* Shared Presentation */,
			);
			path = Shared;
			sourceTree = "<group>";
		};
		83D866DC2911815A00F07C4E /* Pokemon */ = {
			isa = PBXGroup;
			children = (
				83D8670B2911844400F07C4E /* Pokemon API */,
				83D8670A2911843900F07C4E /* Pokemon Feature */,
				83D867092911842700F07C4E /* Pokemon Presentation */,
			);
			path = Pokemon;
			sourceTree = "<group>";
		};
		83D866DD2911819D00F07C4E /* PokemonDetail */ = {
			isa = PBXGroup;
			children = (
			);
			path = PokemonDetail;
			sourceTree = "<group>";
		};
		83D866DE291181BF00F07C4E /* Shared API Infra */ = {
			isa = PBXGroup;
			children = (
				83D866E12911822700F07C4E /* URLSessionHTTPClient.swift */,
			);
			path = "Shared API Infra";
			sourceTree = "<group>";
		};
		83D866DF291181CC00F07C4E /* Shared API */ = {
			isa = PBXGroup;
			children = (
				83D866E32911823E00F07C4E /* HTTPClient.swift */,
			);
			path = "Shared API";
			sourceTree = "<group>";
		};
		83D866E0291181E400F07C4E /* Shared Presentation */ = {
			isa = PBXGroup;
			children = (
				83D866E72911826900F07C4E /* LoadResourcePresenter.swift */,
				83D866E62911826900F07C4E /* ResourceErrorView.swift */,
				83D866E52911826900F07C4E /* ResourceErrorViewModel.swift */,
				83D866E82911826A00F07C4E /* ResourceLoadingView.swift */,
				83D866E92911826A00F07C4E /* ResourceLoadingViewModel.swift */,
				83D866F3291182A300F07C4E /* Shared.strings */,
			);
			path = "Shared Presentation";
			sourceTree = "<group>";
		};
		83D866F5291182EE00F07C4E /* Helpers */ = {
			isa = PBXGroup;
			children = (
				83D866F6291182EE00F07C4E /* SharedTestHelpers.swift */,
				83D866F7291182EE00F07C4E /* SharedLocalizationTestHelpers.swift */,
				83D866F8291182EE00F07C4E /* XCTestCase+MemoryLeakTracking.swift */,
			);
			path = Helpers;
			sourceTree = "<group>";
		};
		83D866FC2911830000F07C4E /* Shared */ = {
			isa = PBXGroup;
			children = (
				83D866FD2911830000F07C4E /* Shared Presentation */,
				83D867012911830000F07C4E /* Shared API Infra */,
			);
			path = Shared;
			sourceTree = "<group>";
		};
		83D866FD2911830000F07C4E /* Shared Presentation */ = {
			isa = PBXGroup;
			children = (
				83D866FE2911830000F07C4E /* SharedLocalizationTests.swift */,
				83D866FF2911830000F07C4E /* LoadResourcePresenterTest.swift */,
			);
			path = "Shared Presentation";
			sourceTree = "<group>";
		};
		83D867012911830000F07C4E /* Shared API Infra */ = {
			isa = PBXGroup;
			children = (
				83D867022911830000F07C4E /* Helpers */,
				83D867042911830000F07C4E /* URLSessionHTTPClientTests.swift */,
			);
			path = "Shared API Infra";
			sourceTree = "<group>";
		};
		83D867022911830000F07C4E /* Helpers */ = {
			isa = PBXGroup;
			children = (
				83D867032911830000F07C4E /* URLProtocolStub.swift */,
			);
			path = Helpers;
			sourceTree = "<group>";
		};
		83D867092911842700F07C4E /* Pokemon Presentation */ = {
			isa = PBXGroup;
			children = (
				83D867162911963800F07C4E /* PokemonPresenter.swift */,
				83D8671A291196BB00F07C4E /* PokemonViewModel.swift */,
			);
			path = "Pokemon Presentation";
			sourceTree = "<group>";
		};
		83D8670A2911843900F07C4E /* Pokemon Feature */ = {
			isa = PBXGroup;
			children = (
				83D867142911878200F07C4E /* PokemonItem.swift */,
				83D8671E2911A26700F07C4E /* PokemonImageDataLoader.swift */,
			);
			path = "Pokemon Feature";
			sourceTree = "<group>";
		};
		83D8670B2911844400F07C4E /* Pokemon API */ = {
			isa = PBXGroup;
			children = (
				83D8670C2911848B00F07C4E /* HTTPURLResponse+StatusCode.swift */,
				83D8670E291184A000F07C4E /* PokemonImageDataMapper.swift */,
				83D867122911870C00F07C4E /* PokemonItemsMapper.swift */,
				83D86710291184C600F07C4E /* PokemonEndpoint.swift */,
			);
			path = "Pokemon API";
			sourceTree = "<group>";
		};
/* End PBXGroup section */

/* Begin PBXHeadersBuildPhase section */
		83C70B5229117D25002C1ACF /* Headers */ = {
			isa = PBXHeadersBuildPhase;
			buildActionMask = 2147483647;
			files = (
				83C70B6629117D25002C1ACF /* PokemonModule.h in Headers */,
			);
			runOnlyForDeploymentPostprocessing = 0;
		};
/* End PBXHeadersBuildPhase section */

/* Begin PBXNativeTarget section */
		83C70B5629117D25002C1ACF /* PokemonModule */ = {
			isa = PBXNativeTarget;
			buildConfigurationList = 83C70B6929117D25002C1ACF /* Build configuration list for PBXNativeTarget "PokemonModule" */;
			buildPhases = (
				83C70B5229117D25002C1ACF /* Headers */,
				83C70B5329117D25002C1ACF /* Sources */,
				83C70B5429117D25002C1ACF /* Frameworks */,
				83C70B5529117D25002C1ACF /* Resources */,
			);
			buildRules = (
			);
			dependencies = (
			);
			name = PokemonModule;
			productName = PokemonModule;
			productReference = 83C70B5729117D25002C1ACF /* PokemonModule.framework */;
			productType = "com.apple.product-type.framework";
		};
		83C70B5E29117D25002C1ACF /* PokemonModuleTests */ = {
			isa = PBXNativeTarget;
			buildConfigurationList = 83C70B6C29117D25002C1ACF /* Build configuration list for PBXNativeTarget "PokemonModuleTests" */;
			buildPhases = (
				83C70B5B29117D25002C1ACF /* Sources */,
				83C70B5C29117D25002C1ACF /* Frameworks */,
				83C70B5D29117D25002C1ACF /* Resources */,
			);
			buildRules = (
			);
			dependencies = (
				83C70B6229117D25002C1ACF /* PBXTargetDependency */,
			);
			name = PokemonModuleTests;
			productName = PokemonModuleTests;
			productReference = 83C70B5F29117D25002C1ACF /* PokemonModuleTests.xctest */;
			productType = "com.apple.product-type.bundle.unit-test";
		};
/* End PBXNativeTarget section */

/* Begin PBXProject section */
		83C70B4E29117D25002C1ACF /* Project object */ = {
			isa = PBXProject;
			attributes = {
				BuildIndependentTargetsInParallel = 1;
				LastSwiftUpdateCheck = 1400;
				LastUpgradeCheck = 1400;
				TargetAttributes = {
					83C70B5629117D25002C1ACF = {
						CreatedOnToolsVersion = 14.0;
						LastSwiftMigration = 1400;
					};
					83C70B5E29117D25002C1ACF = {
						CreatedOnToolsVersion = 14.0;
					};
				};
			};
			buildConfigurationList = 83C70B5129117D25002C1ACF /* Build configuration list for PBXProject "PokemonModule" */;
			compatibilityVersion = "Xcode 14.0";
			developmentRegion = en;
			hasScannedForEncodings = 0;
			knownRegions = (
				en,
				Base,
				id,
			);
			mainGroup = 83C70B4D29117D25002C1ACF;
			productRefGroup = 83C70B5829117D25002C1ACF /* Products */;
			projectDirPath = "";
			projectRoot = "";
			targets = (
				83C70B5629117D25002C1ACF /* PokemonModule */,
				83C70B5E29117D25002C1ACF /* PokemonModuleTests */,
			);
		};
/* End PBXProject section */

/* Begin PBXResourcesBuildPhase section */
		83C70B5529117D25002C1ACF /* Resources */ = {
			isa = PBXResourcesBuildPhase;
			buildActionMask = 2147483647;
			files = (
				83D866F1291182A300F07C4E /* Shared.strings in Resources */,
			);
			runOnlyForDeploymentPostprocessing = 0;
		};
		83C70B5D29117D25002C1ACF /* Resources */ = {
			isa = PBXResourcesBuildPhase;
			buildActionMask = 2147483647;
			files = (
			);
			runOnlyForDeploymentPostprocessing = 0;
		};
/* End PBXResourcesBuildPhase section */

/* Begin PBXSourcesBuildPhase section */
		83C70B5329117D25002C1ACF /* Sources */ = {
			isa = PBXSourcesBuildPhase;
			buildActionMask = 2147483647;
			files = (
				83D8670F291184A000F07C4E /* PokemonImageDataMapper.swift in Sources */,
				83D866E42911823E00F07C4E /* HTTPClient.swift in Sources */,
				83D867132911870C00F07C4E /* PokemonItemsMapper.swift in Sources */,
				83D86711291184C600F07C4E /* PokemonEndpoint.swift in Sources */,
				83D867152911878200F07C4E /* PokemonItem.swift in Sources */,
				83D866EC2911826A00F07C4E /* LoadResourcePresenter.swift in Sources */,
				83D866EA2911826A00F07C4E /* ResourceErrorViewModel.swift in Sources */,
				83D866ED2911826A00F07C4E /* ResourceLoadingView.swift in Sources */,
				83D866E22911822700F07C4E /* URLSessionHTTPClient.swift in Sources */,
				83D866EB2911826A00F07C4E /* ResourceErrorView.swift in Sources */,
				83D8671B291196BB00F07C4E /* PokemonViewModel.swift in Sources */,
				83D8671F2911A26700F07C4E /* PokemonImageDataLoader.swift in Sources */,
				83D8670D2911848B00F07C4E /* HTTPURLResponse+StatusCode.swift in Sources */,
				83D867172911963800F07C4E /* PokemonPresenter.swift in Sources */,
				83D866EE2911826A00F07C4E /* ResourceLoadingViewModel.swift in Sources */,
			);
			runOnlyForDeploymentPostprocessing = 0;
		};
		83C70B5B29117D25002C1ACF /* Sources */ = {
			isa = PBXSourcesBuildPhase;
			buildActionMask = 2147483647;
			files = (
				83D866F9291182EE00F07C4E /* SharedTestHelpers.swift in Sources */,
				83D867072911830000F07C4E /* URLProtocolStub.swift in Sources */,
				83D867052911830000F07C4E /* SharedLocalizationTests.swift in Sources */,
				83D867082911830000F07C4E /* URLSessionHTTPClientTests.swift in Sources */,
				83D867062911830000F07C4E /* LoadResourcePresenterTest.swift in Sources */,
				83D866FB291182EE00F07C4E /* XCTestCase+MemoryLeakTracking.swift in Sources */,
				83D866FA291182EE00F07C4E /* SharedLocalizationTestHelpers.swift in Sources */,
			);
			runOnlyForDeploymentPostprocessing = 0;
		};
/* End PBXSourcesBuildPhase section */

/* Begin PBXTargetDependency section */
		83C70B6229117D25002C1ACF /* PBXTargetDependency */ = {
			isa = PBXTargetDependency;
			target = 83C70B5629117D25002C1ACF /* PokemonModule */;
			targetProxy = 83C70B6129117D25002C1ACF /* PBXContainerItemProxy */;
		};
/* End PBXTargetDependency section */

/* Begin PBXVariantGroup section */
		83D866F3291182A300F07C4E /* Shared.strings */ = {
			isa = PBXVariantGroup;
			children = (
				83D866F2291182A300F07C4E /* en */,
				83D866F4291182B200F07C4E /* id */,
			);
			name = Shared.strings;
			sourceTree = "<group>";
		};
/* End PBXVariantGroup section */

/* Begin XCBuildConfiguration section */
		83C70B6729117D25002C1ACF /* Debug */ = {
			isa = XCBuildConfiguration;
			buildSettings = {
				ALWAYS_SEARCH_USER_PATHS = NO;
				CLANG_ANALYZER_LOCALIZABILITY_NONLOCALIZED = YES;
				CLANG_ANALYZER_NONNULL = YES;
				CLANG_ANALYZER_NUMBER_OBJECT_CONVERSION = YES_AGGRESSIVE;
				CLANG_CXX_LANGUAGE_STANDARD = "gnu++20";
				CLANG_ENABLE_MODULES = YES;
				CLANG_ENABLE_OBJC_ARC = YES;
				CLANG_ENABLE_OBJC_WEAK = YES;
				CLANG_WARN_BLOCK_CAPTURE_AUTORELEASING = YES;
				CLANG_WARN_BOOL_CONVERSION = YES;
				CLANG_WARN_COMMA = YES;
				CLANG_WARN_CONSTANT_CONVERSION = YES;
				CLANG_WARN_DEPRECATED_OBJC_IMPLEMENTATIONS = YES;
				CLANG_WARN_DIRECT_OBJC_ISA_USAGE = YES_ERROR;
				CLANG_WARN_DOCUMENTATION_COMMENTS = YES;
				CLANG_WARN_EMPTY_BODY = YES;
				CLANG_WARN_ENUM_CONVERSION = YES;
				CLANG_WARN_INFINITE_RECURSION = YES;
				CLANG_WARN_INT_CONVERSION = YES;
				CLANG_WARN_NON_LITERAL_NULL_CONVERSION = YES;
				CLANG_WARN_OBJC_IMPLICIT_RETAIN_SELF = YES;
				CLANG_WARN_OBJC_LITERAL_CONVERSION = YES;
				CLANG_WARN_OBJC_ROOT_CLASS = YES_ERROR;
				CLANG_WARN_QUOTED_INCLUDE_IN_FRAMEWORK_HEADER = YES;
				CLANG_WARN_RANGE_LOOP_ANALYSIS = YES;
				CLANG_WARN_STRICT_PROTOTYPES = YES;
				CLANG_WARN_SUSPICIOUS_MOVE = YES;
				CLANG_WARN_UNGUARDED_AVAILABILITY = YES_AGGRESSIVE;
				CLANG_WARN_UNREACHABLE_CODE = YES;
				CLANG_WARN__DUPLICATE_METHOD_MATCH = YES;
				COPY_PHASE_STRIP = NO;
				CURRENT_PROJECT_VERSION = 1;
				DEBUG_INFORMATION_FORMAT = dwarf;
				ENABLE_STRICT_OBJC_MSGSEND = YES;
				ENABLE_TESTABILITY = YES;
				GCC_C_LANGUAGE_STANDARD = gnu11;
				GCC_DYNAMIC_NO_PIC = NO;
				GCC_NO_COMMON_BLOCKS = YES;
				GCC_OPTIMIZATION_LEVEL = 0;
				GCC_PREPROCESSOR_DEFINITIONS = (
					"DEBUG=1",
					"$(inherited)",
				);
				GCC_WARN_64_TO_32_BIT_CONVERSION = YES;
				GCC_WARN_ABOUT_RETURN_TYPE = YES_ERROR;
				GCC_WARN_UNDECLARED_SELECTOR = YES;
				GCC_WARN_UNINITIALIZED_AUTOS = YES_AGGRESSIVE;
				GCC_WARN_UNUSED_FUNCTION = YES;
				GCC_WARN_UNUSED_VARIABLE = YES;
				MACOSX_DEPLOYMENT_TARGET = 12.3;
				MTL_ENABLE_DEBUG_INFO = INCLUDE_SOURCE;
				MTL_FAST_MATH = YES;
				ONLY_ACTIVE_ARCH = YES;
				SDKROOT = macosx;
				SWIFT_ACTIVE_COMPILATION_CONDITIONS = DEBUG;
				SWIFT_OPTIMIZATION_LEVEL = "-Onone";
				VERSIONING_SYSTEM = "apple-generic";
				VERSION_INFO_PREFIX = "";
			};
			name = Debug;
		};
		83C70B6829117D25002C1ACF /* Release */ = {
			isa = XCBuildConfiguration;
			buildSettings = {
				ALWAYS_SEARCH_USER_PATHS = NO;
				CLANG_ANALYZER_LOCALIZABILITY_NONLOCALIZED = YES;
				CLANG_ANALYZER_NONNULL = YES;
				CLANG_ANALYZER_NUMBER_OBJECT_CONVERSION = YES_AGGRESSIVE;
				CLANG_CXX_LANGUAGE_STANDARD = "gnu++20";
				CLANG_ENABLE_MODULES = YES;
				CLANG_ENABLE_OBJC_ARC = YES;
				CLANG_ENABLE_OBJC_WEAK = YES;
				CLANG_WARN_BLOCK_CAPTURE_AUTORELEASING = YES;
				CLANG_WARN_BOOL_CONVERSION = YES;
				CLANG_WARN_COMMA = YES;
				CLANG_WARN_CONSTANT_CONVERSION = YES;
				CLANG_WARN_DEPRECATED_OBJC_IMPLEMENTATIONS = YES;
				CLANG_WARN_DIRECT_OBJC_ISA_USAGE = YES_ERROR;
				CLANG_WARN_DOCUMENTATION_COMMENTS = YES;
				CLANG_WARN_EMPTY_BODY = YES;
				CLANG_WARN_ENUM_CONVERSION = YES;
				CLANG_WARN_INFINITE_RECURSION = YES;
				CLANG_WARN_INT_CONVERSION = YES;
				CLANG_WARN_NON_LITERAL_NULL_CONVERSION = YES;
				CLANG_WARN_OBJC_IMPLICIT_RETAIN_SELF = YES;
				CLANG_WARN_OBJC_LITERAL_CONVERSION = YES;
				CLANG_WARN_OBJC_ROOT_CLASS = YES_ERROR;
				CLANG_WARN_QUOTED_INCLUDE_IN_FRAMEWORK_HEADER = YES;
				CLANG_WARN_RANGE_LOOP_ANALYSIS = YES;
				CLANG_WARN_STRICT_PROTOTYPES = YES;
				CLANG_WARN_SUSPICIOUS_MOVE = YES;
				CLANG_WARN_UNGUARDED_AVAILABILITY = YES_AGGRESSIVE;
				CLANG_WARN_UNREACHABLE_CODE = YES;
				CLANG_WARN__DUPLICATE_METHOD_MATCH = YES;
				COPY_PHASE_STRIP = NO;
				CURRENT_PROJECT_VERSION = 1;
				DEBUG_INFORMATION_FORMAT = "dwarf-with-dsym";
				ENABLE_NS_ASSERTIONS = NO;
				ENABLE_STRICT_OBJC_MSGSEND = YES;
				GCC_C_LANGUAGE_STANDARD = gnu11;
				GCC_NO_COMMON_BLOCKS = YES;
				GCC_WARN_64_TO_32_BIT_CONVERSION = YES;
				GCC_WARN_ABOUT_RETURN_TYPE = YES_ERROR;
				GCC_WARN_UNDECLARED_SELECTOR = YES;
				GCC_WARN_UNINITIALIZED_AUTOS = YES_AGGRESSIVE;
				GCC_WARN_UNUSED_FUNCTION = YES;
				GCC_WARN_UNUSED_VARIABLE = YES;
				MACOSX_DEPLOYMENT_TARGET = 12.3;
				MTL_ENABLE_DEBUG_INFO = NO;
				MTL_FAST_MATH = YES;
				SDKROOT = macosx;
				SWIFT_COMPILATION_MODE = wholemodule;
				SWIFT_OPTIMIZATION_LEVEL = "-O";
				VERSIONING_SYSTEM = "apple-generic";
				VERSION_INFO_PREFIX = "";
			};
			name = Release;
		};
		83C70B6A29117D25002C1ACF /* Debug */ = {
			isa = XCBuildConfiguration;
			buildSettings = {
				CLANG_ENABLE_MODULES = YES;
				CODE_SIGN_STYLE = Automatic;
				COMBINE_HIDPI_IMAGES = YES;
				CURRENT_PROJECT_VERSION = 1;
				DEFINES_MODULE = YES;
				DEVELOPMENT_TEAM = WZB5R9B92Y;
				DYLIB_COMPATIBILITY_VERSION = 1;
				DYLIB_CURRENT_VERSION = 1;
				DYLIB_INSTALL_NAME_BASE = "@rpath";
				GENERATE_INFOPLIST_FILE = YES;
				INFOPLIST_KEY_NSHumanReadableCopyright = "";
				INSTALL_PATH = "$(LOCAL_LIBRARY_DIR)/Frameworks";
				LD_RUNPATH_SEARCH_PATHS = (
					"$(inherited)",
					"@executable_path/../Frameworks",
					"@loader_path/Frameworks",
				);
				MARKETING_VERSION = 1.0;
				PRODUCT_BUNDLE_IDENTIFIER = co.id.aminfaruq.PokemonModule;
				PRODUCT_NAME = "$(TARGET_NAME:c99extidentifier)";
				SKIP_INSTALL = YES;
				SWIFT_EMIT_LOC_STRINGS = YES;
				SWIFT_OPTIMIZATION_LEVEL = "-Onone";
				SWIFT_VERSION = 5.0;
			};
			name = Debug;
		};
		83C70B6B29117D25002C1ACF /* Release */ = {
			isa = XCBuildConfiguration;
			buildSettings = {
				CLANG_ENABLE_MODULES = YES;
				CODE_SIGN_STYLE = Automatic;
				COMBINE_HIDPI_IMAGES = YES;
				CURRENT_PROJECT_VERSION = 1;
				DEFINES_MODULE = YES;
				DEVELOPMENT_TEAM = WZB5R9B92Y;
				DYLIB_COMPATIBILITY_VERSION = 1;
				DYLIB_CURRENT_VERSION = 1;
				DYLIB_INSTALL_NAME_BASE = "@rpath";
				GENERATE_INFOPLIST_FILE = YES;
				INFOPLIST_KEY_NSHumanReadableCopyright = "";
				INSTALL_PATH = "$(LOCAL_LIBRARY_DIR)/Frameworks";
				LD_RUNPATH_SEARCH_PATHS = (
					"$(inherited)",
					"@executable_path/../Frameworks",
					"@loader_path/Frameworks",
				);
				MARKETING_VERSION = 1.0;
				PRODUCT_BUNDLE_IDENTIFIER = co.id.aminfaruq.PokemonModule;
				PRODUCT_NAME = "$(TARGET_NAME:c99extidentifier)";
				SKIP_INSTALL = YES;
				SWIFT_EMIT_LOC_STRINGS = YES;
				SWIFT_VERSION = 5.0;
			};
			name = Release;
		};
		83C70B6D29117D25002C1ACF /* Debug */ = {
			isa = XCBuildConfiguration;
			buildSettings = {
				ALWAYS_EMBED_SWIFT_STANDARD_LIBRARIES = YES;
				CODE_SIGN_STYLE = Automatic;
				CURRENT_PROJECT_VERSION = 1;
				DEVELOPMENT_TEAM = WZB5R9B92Y;
				GENERATE_INFOPLIST_FILE = YES;
				MARKETING_VERSION = 1.0;
				PRODUCT_BUNDLE_IDENTIFIER = co.id.aminfaruq.PokemonModuleTests;
				PRODUCT_NAME = "$(TARGET_NAME)";
				SWIFT_EMIT_LOC_STRINGS = NO;
				SWIFT_VERSION = 5.0;
			};
			name = Debug;
		};
		83C70B6E29117D25002C1ACF /* Release */ = {
			isa = XCBuildConfiguration;
			buildSettings = {
				ALWAYS_EMBED_SWIFT_STANDARD_LIBRARIES = YES;
				CODE_SIGN_STYLE = Automatic;
				CURRENT_PROJECT_VERSION = 1;
				DEVELOPMENT_TEAM = WZB5R9B92Y;
				GENERATE_INFOPLIST_FILE = YES;
				MARKETING_VERSION = 1.0;
				PRODUCT_BUNDLE_IDENTIFIER = co.id.aminfaruq.PokemonModuleTests;
				PRODUCT_NAME = "$(TARGET_NAME)";
				SWIFT_EMIT_LOC_STRINGS = NO;
				SWIFT_VERSION = 5.0;
			};
			name = Release;
		};
/* End XCBuildConfiguration section */

/* Begin XCConfigurationList section */
		83C70B5129117D25002C1ACF /* Build configuration list for PBXProject "PokemonModule" */ = {
			isa = XCConfigurationList;
			buildConfigurations = (
				83C70B6729117D25002C1ACF /* Debug */,
				83C70B6829117D25002C1ACF /* Release */,
			);
			defaultConfigurationIsVisible = 0;
			defaultConfigurationName = Release;
		};
		83C70B6929117D25002C1ACF /* Build configuration list for PBXNativeTarget "PokemonModule" */ = {
			isa = XCConfigurationList;
			buildConfigurations = (
				83C70B6A29117D25002C1ACF /* Debug */,
				83C70B6B29117D25002C1ACF /* Release */,
			);
			defaultConfigurationIsVisible = 0;
			defaultConfigurationName = Release;
		};
		83C70B6C29117D25002C1ACF /* Build configuration list for PBXNativeTarget "PokemonModuleTests" */ = {
			isa = XCConfigurationList;
			buildConfigurations = (
				83C70B6D29117D25002C1ACF /* Debug */,
				83C70B6E29117D25002C1ACF /* Release */,
			);
			defaultConfigurationIsVisible = 0;
			defaultConfigurationName = Release;
		};
/* End XCConfigurationList section */
	};
	rootObject = 83C70B4E29117D25002C1ACF /* Project object */;
}
